{
    "_readme": [
        "This file locks the dependencies of your project to a known state",
        "Read more about it at https://getcomposer.org/doc/01-basic-usage.md#installing-dependencies",
        "This file is @generated automatically"
    ],
    "content-hash": "95906fc7cc9dc4dd61c2a56f1b96e8c3",
    "packages": [
        {
            "name": "pear/net_geoip",
            "version": "v1.0",
            "source": {
                "type": "git",
                "url": "https://github.com/fobilow/Pear_Net_GeoIP.git",
                "reference": "c7f40f970afca675d21a6e587c04fbc4fb223aaa"
            },
            "dist": {
                "type": "zip",
                "url": "https://api.github.com/repos/fobilow/Pear_Net_GeoIP/zipball/c7f40f970afca675d21a6e587c04fbc4fb223aaa",
                "reference": "c7f40f970afca675d21a6e587c04fbc4fb223aaa",
                "shasum": ""
            },
            "require": {
                "pear/pear_exception": "dev-master",
                "php": ">=4.4.0"
            },
            "type": "class",
            "autoload": {
                "psr-0": {
                    "Net": ""
                }
            },
            "notification-url": "https://packagist.org/downloads/",
            "include-path": [
                "."
            ],
            "license": [
                "BSD-3-Clause"
            ],
            "authors": [
                {
                    "name": "Okechukwu Ugwu",
                    "email": "fobilow@gmail.com"
                }
            ],
            "description": "Determine physical location from IP address",
            "homepage": "https://github.com/pear/Net_GeoIP",
            "keywords": [
                "Geo IP"
            ],
            "support": {
                "issues": "https://github.com/fobilow/Pear_Net_GeoIP/issues",
                "source": "https://github.com/fobilow/Pear_Net_GeoIP/tree/master"
            },
            "time": "2013-12-11T13:54:39+00:00"
        },
        {
            "name": "pear/pear_exception",
            "version": "dev-master",
            "source": {
                "type": "git",
                "url": "https://github.com/pear/PEAR_Exception.git",
                "reference": "76631ea7fa66755900beb615e3b7b1ee54cf1c99"
            },
            "dist": {
                "type": "zip",
                "url": "https://api.github.com/repos/pear/PEAR_Exception/zipball/76631ea7fa66755900beb615e3b7b1ee54cf1c99",
                "reference": "76631ea7fa66755900beb615e3b7b1ee54cf1c99",
                "shasum": ""
            },
            "require": {
                "php": ">=5.2.0"
            },
            "require-dev": {
                "phpunit/phpunit": "<9"
            },
            "default-branch": true,
            "type": "class",
            "extra": {
                "branch-alias": {
                    "dev-master": "1.0.x-dev"
                }
            },
            "autoload": {
                "classmap": [
                    "PEAR/"
                ]
            },
            "notification-url": "https://packagist.org/downloads/",
            "include-path": [
                "."
            ],
            "license": [
                "BSD-2-Clause"
            ],
            "authors": [
                {
                    "name": "Helgi Thormar",
                    "email": "dufuz@php.net"
                },
                {
                    "name": "Greg Beaver",
                    "email": "cellog@php.net"
                }
            ],
            "description": "The PEAR Exception base class.",
            "homepage": "https://github.com/pear/PEAR_Exception",
            "keywords": [
                "exception"
            ],
            "support": {
                "issues": "https://pear.php.net/bugs/search.php?cmd=display&package_name%5B%5D=PEAR_Exception",
                "source": "https://github.com/pear/PEAR_Exception"
            },
            "time": "2022-03-27T11:31:16+00:00"
        },
        {
            "name": "swiftmailer/swiftmailer",
            "version": "v5.4.12",
            "source": {
                "type": "git",
                "url": "https://github.com/swiftmailer/swiftmailer.git",
                "reference": "181b89f18a90f8925ef805f950d47a7190e9b950"
            },
            "dist": {
                "type": "zip",
                "url": "https://api.github.com/repos/swiftmailer/swiftmailer/zipball/181b89f18a90f8925ef805f950d47a7190e9b950",
                "reference": "181b89f18a90f8925ef805f950d47a7190e9b950",
                "shasum": ""
            },
            "require": {
                "php": ">=5.3.3"
            },
            "require-dev": {
                "mockery/mockery": "~0.9.1",
                "symfony/phpunit-bridge": "~3.2"
            },
            "type": "library",
            "extra": {
                "branch-alias": {
                    "dev-master": "5.4-dev"
                }
            },
            "autoload": {
                "files": [
                    "lib/swift_required.php"
                ]
            },
            "notification-url": "https://packagist.org/downloads/",
            "license": [
                "MIT"
            ],
            "authors": [
                {
                    "name": "Chris Corbyn"
                },
                {
                    "name": "Fabien Potencier",
                    "email": "fabien@symfony.com"
                }
            ],
            "description": "Swiftmailer, free feature-rich PHP mailer",
            "homepage": "https://swiftmailer.symfony.com",
            "keywords": [
                "email",
                "mail",
                "mailer"
            ],
            "support": {
                "issues": "https://github.com/swiftmailer/swiftmailer/issues",
                "source": "https://github.com/swiftmailer/swiftmailer/tree/v5.4.12"
            },
            "abandoned": "symfony/mailer",
            "time": "2018-07-31T09:26:32+00:00"
        }
    ],
    "packages-dev": [],
    "aliases": [],
    "minimum-stability": "dev",
    "stability-flags": [],
    "prefer-stable": false,
    "prefer-lowest": false,
    "platform": [],
    "platform-dev": [],
    "plugin-api-version": "2.0.0"
}
